
Microsoft Visual Studio Solution File, Format Version 12.00
# Visual Studio 15
VisualStudioVersion = 15.0.28307.168
MinimumVisualStudioVersion = 10.0.40219.1
Project("{FAE04EC0-301F-11D3-BF4B-00C04F79EFBC}") = "BITCollege_GiangHuynh", "BITCollege_GiangHuynh\BITCollege_GiangHuynh.csproj", "{AB08C203-A4B5-4596-9FFD-EE351BAB4759}"
EndProject
Project("{FAE04EC0-301F-11D3-BF4B-00C04F79EFBC}") = "Utility", "..\..\Utility\Utility.csproj", "{1DFB919A-6DD3-4F37-A1C4-5DA42400C74D}"
EndProject
Project("{FAE04EC0-301F-11D3-BF4B-00C04F79EFBC}") = "BITCollegeSite", "BITCollegeSite\BITCollegeSite.csproj", "{259ECAC5-8990-48FA-A40B-3D64F0E3090D}"
	ProjectSection(ProjectDependencies) = postProject
		{AE6A6FEF-571A-4B3A-BEC4-C77A8484993B} = {AE6A6FEF-571A-4B3A-BEC4-C77A8484993B}
	EndProjectSection
EndProject
Project("{FAE04EC0-301F-11D3-BF4B-00C04F79EFBC}") = "BITCollegeService", "BITCollegeService\BITCollegeService.csproj", "{AE6A6FEF-571A-4B3A-BEC4-C77A8484993B}"
EndProject
Global
	GlobalSection(SolutionConfigurationPlatforms) = preSolution
		Debug|Any CPU = Debug|Any CPU
		Release|Any CPU = Release|Any CPU
	EndGlobalSection
	GlobalSection(ProjectConfigurationPlatforms) = postSolution
		{AB08C203-A4B5-4596-9FFD-EE351BAB4759}.Debug|Any CPU.ActiveCfg = Debug|Any CPU
		{AB08C203-A4B5-4596-9FFD-EE351BAB4759}.Debug|Any CPU.Build.0 = Debug|Any CPU
		{AB08C203-A4B5-4596-9FFD-EE351BAB4759}.Release|Any CPU.ActiveCfg = Release|Any CPU
		{AB08C203-A4B5-4596-9FFD-EE351BAB4759}.Release|Any CPU.Build.0 = Release|Any CPU
		{1DFB919A-6DD3-4F37-A1C4-5DA42400C74D}.Debug|Any CPU.ActiveCfg = Debug|Any CPU
		{1DFB919A-6DD3-4F37-A1C4-5DA42400C74D}.Debug|Any CPU.Build.0 = Debug|Any CPU
		{1DFB919A-6DD3-4F37-A1C4-5DA42400C74D}.Release|Any CPU.ActiveCfg = Release|Any CPU
		{1DFB919A-6DD3-4F37-A1C4-5DA42400C74D}.Release|Any CPU.Build.0 = Release|Any CPU
		{259ECAC5-8990-48FA-A40B-3D64F0E3090D}.Debug|Any CPU.ActiveCfg = Debug|Any CPU
		{259ECAC5-8990-48FA-A40B-3D64F0E3090D}.Debug|Any CPU.Build.0 = Debug|Any CPU
		{259ECAC5-8990-48FA-A40B-3D64F0E3090D}.Release|Any CPU.ActiveCfg = Release|Any CPU
		{259ECAC5-8990-48FA-A40B-3D64F0E3090D}.Release|Any CPU.Build.0 = Release|Any CPU
		{AE6A6FEF-571A-4B3A-BEC4-C77A8484993B}.Debug|Any CPU.ActiveCfg = Debug|Any CPU
		{AE6A6FEF-571A-4B3A-BEC4-C77A8484993B}.Debug|Any CPU.Build.0 = Debug|Any CPU
		{AE6A6FEF-571A-4B3A-BEC4-C77A8484993B}.Release|Any CPU.ActiveCfg = Release|Any CPU
		{AE6A6FEF-571A-4B3A-BEC4-C77A8484993B}.Release|Any CPU.Build.0 = Release|Any CPU
	EndGlobalSection
	GlobalSection(SolutionProperties) = preSolution
		HideSolutionNode = FALSE
	EndGlobalSection
	GlobalSection(ExtensibilityGlobals) = postSolution
		SolutionGuid = {9AE66720-66E3-48CB-8050-A12A99999FA7}
	EndGlobalSection
EndGlobal
